<Solution>
  <Folder Name="/src/">
    <Project Path="src/ProjectManager.API/ProjectManager.API.csproj" />
    <Project Path="src/ProjectManager.Application/ProjectManager.Application.csproj" />
    <Project Path="src/ProjectManager.Domain/ProjectManager.Domain.csproj" />
    <Project Path="src/ProjectManager.Infrastructure/ProjectManager.Infrastructure.csproj" />
  </Folder>
</Solution>
